{
  "name": "react-modelx",
  "version": "1.0.5",
  "lockfileVersion": 1,
  "requires": true,
  "dependencies": {
    "@types/prop-types": {
      "version": "15.5.6",
      "resolved": "http://registry.npm.taobao.org/@types/prop-types/download/@types/prop-types-15.5.6.tgz",
      "integrity": "sha1-nAPT/tcKjVF8GRt3NNooebUMomw=",
      "dev": true
    },
    "@types/react": {
      "version": "16.7.13",
      "resolved": "http://registry.npm.taobao.org/@types/react/download/@types/react-16.7.13.tgz",
      "integrity": "sha1-0jaa54N3NW1C+1QnXTAhjoTyJHo=",
      "dev": true,
      "requires": {
        "@types/prop-types": "*",
        "csstype": "^2.2.0"
      }
    },
    "@types/react-dom": {
      "version": "16.0.11",
      "resolved": "http://registry.npm.taobao.org/@types/react-dom/download/@types/react-dom-16.0.11.tgz",
      "integrity": "sha1-vRDMsNkmA0P0uaSdT3qDMKXB8IE=",
      "dev": true,
      "requires": {
        "@types/react": "*"
      }
    },
    "csstype": {
      "version": "2.5.8",
      "resolved": "http://registry.npm.taobao.org/csstype/download/csstype-2.5.8.tgz",
      "integrity": "sha1-TOWqFuoNVi75EF+jriZ28ZlYajU=",
      "dev": true
    },
    "immer": {
      "version": "1.9.3",
      "resolved": "https://registry.npmjs.org/immer/-/immer-1.9.3.tgz",
      "integrity": "sha512-bUyz3fOHGn82V7h4oVgJGmFglZt53JWwSyVNAT4sO0d7IovHLwLuHbh14uYKY0tewFoDcEdiQW7HuL0NsRVziw=="
    },
    "js-tokens": {
      "version": "4.0.0",
      "resolved": "http://registry.npm.taobao.org/js-tokens/download/js-tokens-4.0.0.tgz",
      "integrity": "sha1-GSA/tZmR35jjoocFDUZHzerzJJk=",
      "dev": true
    },
    "loose-envify": {
      "version": "1.4.0",
      "resolved": "http://registry.npm.taobao.org/loose-envify/download/loose-envify-1.4.0.tgz",
      "integrity": "sha1-ce5R+nvkyuwaY4OffmgtgTLTDK8=",
      "dev": true,
      "requires": {
        "js-tokens": "^3.0.0 || ^4.0.0"
      }
    },
    "object-assign": {
      "version": "4.1.1",
      "resolved": "http://registry.npm.taobao.org/object-assign/download/object-assign-4.1.1.tgz",
      "integrity": "sha1-IQmtx5ZYh8/AXLvUQsrIv7s2CGM=",
      "dev": true
    },
    "prop-types": {
      "version": "15.6.2",
      "resolved": "http://registry.npm.taobao.org/prop-types/download/prop-types-15.6.2.tgz",
      "integrity": "sha1-BdXKd7RFPphdYPx/+MhZCUpJcQI=",
      "dev": true,
      "requires": {
        "loose-envify": "^1.3.1",
        "object-assign": "^4.1.1"
      }
    },
    "react": {
      "version": "16.7.0",
      "resolved": "http://registry.npm.taobao.org/react/download/react-16.7.0.tgz",
      "integrity": "sha1-tnTsOWsKVxWHOzUERvfqCAKrY4E=",
      "dev": true,
      "requires": {
        "loose-envify": "^1.1.0",
        "object-assign": "^4.1.1",
        "prop-types": "^15.6.2",
        "scheduler": "^0.12.0"
      }
    },
    "react-dom": {
      "version": "16.7.0",
      "resolved": "http://registry.npm.taobao.org/react-dom/download/react-dom-16.7.0.tgz",
      "integrity": "sha1-oXsqfKie5zkLwe1euBeDx0YXSLg=",
      "dev": true,
      "requires": {
        "loose-envify": "^1.1.0",
        "object-assign": "^4.1.1",
        "prop-types": "^15.6.2",
        "scheduler": "^0.12.0"
      }
    },
    "scheduler": {
      "version": "0.12.0",
      "resolved": "http://registry.npm.taobao.org/scheduler/download/scheduler-0.12.0.tgz",
      "integrity": "sha1-irF2mZOcCu3FoZamV3Q8SWU4ZHs=",
      "dev": true,
      "requires": {
        "loose-envify": "^1.1.0",
        "object-assign": "^4.1.1"
      }
    },
    "typescript": {
      "version": "3.2.1",
      "resolved": "http://registry.npm.taobao.org/typescript/download/typescript-3.2.1.tgz",
      "integrity": "sha1-C3oEuM84aBiN6RTZVovQMPDFYZI=",
      "dev": true
    }
  }
}
