{
  "name": "react-modelx",
  "version": "2.0.11-unstable",
  "lockfileVersion": 1,
  "requires": true,
  "dependencies": {
    "@types/node": {
      "version": "10.12.18",
      "resolved": "https://registry.npmjs.org/@types/node/-/node-10.12.18.tgz",
      "integrity": "sha512-fh+pAqt4xRzPfqA6eh3Z2y6fyZavRIumvjhaCL753+TVkGKGhpPeyrJG2JftD0T9q4GF00KjefsQ+PQNDdWQaQ==",
      "dev": true
    },
    "@types/prop-types": {
      "version": "15.5.8",
      "resolved": "https://registry.npmjs.org/@types/prop-types/-/prop-types-15.5.8.tgz",
      "integrity": "sha512-3AQoUxQcQtLHsK25wtTWIoIpgYjH3vSDroZOUr7PpCHw/jLY1RB9z9E8dBT/OSmwStVgkRNvdh+ZHNiomRieaw==",
      "dev": true
    },
    "@types/react": {
      "version": "16.7.18",
      "resolved": "https://registry.npmjs.org/@types/react/-/react-16.7.18.tgz",
      "integrity": "sha512-Tx4uu3ppK53/iHk6VpamMP3f3ahfDLEVt3ZQc8TFm30a1H3v9lMsCntBREswZIW/SKrvJjkb3Hq8UwO6GREBng==",
      "dev": true,
      "requires": {
        "@types/prop-types": "*",
        "csstype": "^2.2.0"
      }
    },
    "@types/react-dom": {
      "version": "16.0.11",
      "resolved": "http://registry.npm.taobao.org/@types/react-dom/download/@types/react-dom-16.0.11.tgz",
      "integrity": "sha1-vRDMsNkmA0P0uaSdT3qDMKXB8IE=",
      "dev": true,
      "requires": {
        "@types/react": "*"
      }
    },
    "csstype": {
      "version": "2.6.0",
      "resolved": "https://registry.npmjs.org/csstype/-/csstype-2.6.0.tgz",
      "integrity": "sha512-by8hi8BlLbowQq0qtkx54d9aN73R9oUW20HISpka5kmgsR9F7nnxgfsemuR2sdCKZh+CDNf5egW9UZMm4mgJRg==",
      "dev": true
    },
    "immer": {
      "version": "1.9.3",
      "resolved": "https://registry.npmjs.org/immer/-/immer-1.9.3.tgz",
      "integrity": "sha512-bUyz3fOHGn82V7h4oVgJGmFglZt53JWwSyVNAT4sO0d7IovHLwLuHbh14uYKY0tewFoDcEdiQW7HuL0NsRVziw=="
    },
    "typescript": {
      "version": "3.2.1",
      "resolved": "http://registry.npm.taobao.org/typescript/download/typescript-3.2.1.tgz",
      "integrity": "sha1-C3oEuM84aBiN6RTZVovQMPDFYZI=",
      "dev": true
    }
  }
}
